
Microsoft Visual Studio Solution File, Format Version 12.00
# Visual Studio 15
VisualStudioVersion = 15.0.28307.136
MinimumVisualStudioVersion = 10.0.40219.1
Project("{FAE04EC0-301F-11D3-BF4B-00C04F79EFBC}") = "VisualCryptography", "VisualCryptography\VisualCryptography.csproj", "{933BADC4-E3F5-4E2E-80E2-0A6B415362C3}"
EndProject
Global
	GlobalSection(SolutionConfigurationPlatforms) = preSolution
		Debug|Any CPU = Debug|Any CPU
		Release|Any CPU = Release|Any CPU
	EndGlobalSection
	GlobalSection(ProjectConfigurationPlatforms) = postSolution
		{933BADC4-E3F5-4E2E-80E2-0A6B415362C3}.Debug|Any CPU.ActiveCfg = Debug|Any CPU
		{933BADC4-E3F5-4E2E-80E2-0A6B415362C3}.Debug|Any CPU.Build.0 = Debug|Any CPU
		{933BADC4-E3F5-4E2E-80E2-0A6B415362C3}.Release|Any CPU.ActiveCfg = Release|Any CPU
		{933BADC4-E3F5-4E2E-80E2-0A6B415362C3}.Release|Any CPU.Build.0 = Release|Any CPU
	EndGlobalSection
	GlobalSection(SolutionProperties) = preSolution
		HideSolutionNode = FALSE
	EndGlobalSection
	GlobalSection(ExtensibilityGlobals) = postSolution
		SolutionGuid = {7B08C0DF-752C-4EC2-9E82-6A644633663E}
	EndGlobalSection
EndGlobal
